
Microsoft Visual Studio Solution File, Format Version 10.00
# Visual Studio 2008
Project("{8BC9CEB8-8B4A-11D0-8D11-00A0C91BC942}") = "Camera", "Camera\Camera.vcproj", "{EC8225EA-F80B-4F1F-9B78-6F5A9AE70D2C}"
EndProject
Global
	GlobalSection(SolutionConfigurationPlatforms) = preSolution
		Debug|Win32 = Debug|Win32
		Release|Win32 = Release|Win32
	EndGlobalSection
	GlobalSection(ProjectConfigurationPlatforms) = postSolution
		{EC8225EA-F80B-4F1F-9B78-6F5A9AE70D2C}.Debug|Win32.ActiveCfg = Debug|Win32
		{EC8225EA-F80B-4F1F-9B78-6F5A9AE70D2C}.Debug|Win32.Build.0 = Debug|Win32
		{EC8225EA-F80B-4F1F-9B78-6F5A9AE70D2C}.Release|Win32.ActiveCfg = Release|Win32
		{EC8225EA-F80B-4F1F-9B78-6F5A9AE70D2C}.Release|Win32.Build.0 = Release|Win32
	EndGlobalSection
	GlobalSection(SolutionProperties) = preSolution
		HideSolutionNode = FALSE
	EndGlobalSection
EndGlobal
